{
  "name": "scrummy",
  "version": "1.7.0",
  "lockfileVersion": 1,
  "requires": true,
  "dependencies": {
    "active-x-obfuscator": {
      "version": "0.0.1",
      "resolved": "https://registry.npmjs.org/active-x-obfuscator/-/active-x-obfuscator-0.0.1.tgz",
      "integrity": "sha1-CJuJs3FF/x2ex0r2UwvlUmyuHxo=",
      "requires": {
        "zeparser": "0.0.5"
      }
    },
    "ansi-regex": {
      "version": "2.1.1",
      "resolved": "https://registry.npmjs.org/ansi-regex/-/ansi-regex-2.1.1.tgz",
      "integrity": "sha1-w7M6te42DYbg5ijwRorn7yfWVN8="
    },
    "aproba": {
      "version": "1.2.0",
      "resolved": "https://registry.npmjs.org/aproba/-/aproba-1.2.0.tgz",
      "integrity": "sha512-Y9J6ZjXtoYh8RnXVCMOU/ttDmk1aBjunq9vO0ta5x85WDQiQfUF9sIPBITdbiiIVcBo03Hi3jMxigBtsddlXRw=="
    },
    "are-we-there-yet": {
      "version": "1.1.5",
      "resolved": "https://registry.npmjs.org/are-we-there-yet/-/are-we-there-yet-1.1.5.tgz",
      "integrity": "sha512-5hYdAkZlcG8tOLujVDTgCT+uPX0VnpAH28gWsLfzpXYm7wP6mp5Q/gYyR7YQ0cKVJcXJnl3j2kpBan13PtQf6w==",
      "requires": {
        "delegates": "^1.0.0",
        "readable-stream": "^2.0.6"
      }
    },
    "base64id": {
      "version": "0.1.0",
      "resolved": "https://registry.npmjs.org/base64id/-/base64id-0.1.0.tgz",
      "integrity": "sha1-As4P3u4M709ACA4ec+g08LG/zj8="
    },
    "buffer-crc32": {
      "version": "0.2.13",
      "resolved": "https://registry.npmjs.org/buffer-crc32/-/buffer-crc32-0.2.13.tgz",
      "integrity": "sha1-DTM+PwDqxQqhRUq9MO+MKl2ackI="
    },
    "bytes": {
      "version": "0.2.0",
      "resolved": "https://registry.npmjs.org/bytes/-/bytes-0.2.0.tgz",
      "integrity": "sha1-qtM+wU49wsp06OfUUfm6BTrU96A="
    },
    "code-point-at": {
      "version": "1.1.0",
      "resolved": "https://registry.npmjs.org/code-point-at/-/code-point-at-1.1.0.tgz",
      "integrity": "sha1-DQcLTQQ6W+ozovGkDi7bPZpMz3c="
    },
    "commander": {
      "version": "0.6.1",
      "resolved": "https://registry.npmjs.org/commander/-/commander-0.6.1.tgz",
      "integrity": "sha1-+mihT2qUXVTbvlDYzbMyDp47GgY="
    },
    "connect": {
      "version": "2.7.5",
      "resolved": "https://registry.npmjs.org/connect/-/connect-2.7.5.tgz",
      "integrity": "sha1-E5ERtLA/BTOlJJJ6iKZGrkZ7LAI=",
      "requires": {
        "buffer-crc32": "0.1.1",
        "bytes": "0.2.0",
        "cookie": "0.0.5",
        "cookie-signature": "1.0.0",
        "debug": "*",
        "formidable": "1.0.11",
        "fresh": "0.1.0",
        "pause": "0.0.1",
        "qs": "0.5.1",
        "send": "0.1.0"
      },
      "dependencies": {
        "buffer-crc32": {
          "version": "0.1.1",
          "resolved": "https://registry.npmjs.org/buffer-crc32/-/buffer-crc32-0.1.1.tgz",
          "integrity": "sha1-fhENyZU5CKt8MqzccMn5RbHLxSY="
        }
      }
    },
    "console-control-strings": {
      "version": "1.1.0",
      "resolved": "https://registry.npmjs.org/console-control-strings/-/console-control-strings-1.1.0.tgz",
      "integrity": "sha1-PXz0Rk22RG6mRL9LOVB/mFEAjo4="
    },
    "cookie": {
      "version": "0.0.5",
      "resolved": "https://registry.npmjs.org/cookie/-/cookie-0.0.5.tgz",
      "integrity": "sha1-+az521frdWjJ/MWWJWt7si4wfIE="
    },
    "cookie-signature": {
      "version": "1.0.0",
      "resolved": "https://registry.npmjs.org/cookie-signature/-/cookie-signature-1.0.0.tgz",
      "integrity": "sha1-AETzMqxiPfhRyRTojqzFfwyXBP4="
    },
    "core-util-is": {
      "version": "1.0.2",
      "resolved": "https://registry.npmjs.org/core-util-is/-/core-util-is-1.0.2.tgz",
      "integrity": "sha1-tf1UIgqivFq1eqtxQMlAdUUDwac="
    },
    "debug": {
      "version": "4.1.1",
      "resolved": "https://registry.npmjs.org/debug/-/debug-4.1.1.tgz",
      "integrity": "sha512-pYAIzeRo8J6KPEaJ0VWOh5Pzkbw/RetuzehGM7QRRX5he4fPHx2rdKMB256ehJCkX+XRQm16eZLqLNS8RSZXZw==",
      "requires": {
        "ms": "^2.1.1"
      }
    },
    "delegates": {
      "version": "1.0.0",
      "resolved": "https://registry.npmjs.org/delegates/-/delegates-1.0.0.tgz",
      "integrity": "sha1-hMbhWbgZBP3KWaDvRM2HDTElD5o="
    },
    "express": {
      "version": "3.1.2",
      "resolved": "https://registry.npmjs.org/express/-/express-3.1.2.tgz",
      "integrity": "sha1-UqAsjbjyK7+g10eNhHzUUWH5hfc=",
      "requires": {
        "buffer-crc32": "~0.2.1",
        "commander": "0.6.1",
        "connect": "2.7.5",
        "cookie": "0.0.5",
        "cookie-signature": "1.0.0",
        "debug": "*",
        "fresh": "0.1.0",
        "methods": "0.0.1",
        "mkdirp": "~0.3.4",
        "range-parser": "0.0.4",
        "send": "0.1.0"
      }
    },
    "formidable": {
      "version": "1.0.11",
      "resolved": "https://registry.npmjs.org/formidable/-/formidable-1.0.11.tgz",
      "integrity": "sha1-aPYzJaA15kS297s9ESQ7l2HeGzA="
    },
    "fresh": {
      "version": "0.1.0",
      "resolved": "https://registry.npmjs.org/fresh/-/fresh-0.1.0.tgz",
      "integrity": "sha1-A+SwF4Qk5MLV0ZpU2IFM3JeTSFA="
    },
    "gauge": {
      "version": "2.7.4",
      "resolved": "https://registry.npmjs.org/gauge/-/gauge-2.7.4.tgz",
      "integrity": "sha1-LANAXHU4w51+s3sxcCLjJfsBi/c=",
      "requires": {
        "aproba": "^1.0.3",
        "console-control-strings": "^1.0.0",
        "has-unicode": "^2.0.0",
        "object-assign": "^4.1.0",
        "signal-exit": "^3.0.0",
        "string-width": "^1.0.1",
        "strip-ansi": "^3.0.1",
        "wide-align": "^1.1.0"
      }
    },
    "has-unicode": {
      "version": "2.0.1",
      "resolved": "https://registry.npmjs.org/has-unicode/-/has-unicode-2.0.1.tgz",
      "integrity": "sha1-4Ob+aijPUROIVeCG0Wkedx3iqLk="
    },
    "inherits": {
      "version": "2.0.4",
      "resolved": "https://registry.npmjs.org/inherits/-/inherits-2.0.4.tgz",
      "integrity": "sha512-k/vGaX4/Yla3WzyMCvTQOXYeIHvqOKtnqBduzTHpzpQZzAskKMhZ2K+EnBiSM9zGSoIFeMpXKxa4dYeZIQqewQ=="
    },
    "is-fullwidth-code-point": {
      "version": "1.0.0",
      "resolved": "https://registry.npmjs.org/is-fullwidth-code-point/-/is-fullwidth-code-point-1.0.0.tgz",
      "integrity": "sha1-754xOG8DGn8NZDr4L95QxFfvAMs=",
      "requires": {
        "number-is-nan": "^1.0.0"
      }
    },
    "isarray": {
      "version": "1.0.0",
      "resolved": "https://registry.npmjs.org/isarray/-/isarray-1.0.0.tgz",
      "integrity": "sha1-u5NdSFgsuhaMBoNJV6VKPgcSTxE="
    },
    "methods": {
      "version": "0.0.1",
      "resolved": "https://registry.npmjs.org/methods/-/methods-0.0.1.tgz",
      "integrity": "sha1-J3yQ+L7zlwlkWoNxxRw7bGSOBow="
    },
    "mime": {
      "version": "1.2.6",
      "resolved": "https://registry.npmjs.org/mime/-/mime-1.2.6.tgz",
      "integrity": "sha1-sfhsdowCX6h7SAdfFwnyiuryA2U="
    },
    "minimist": {
      "version": "0.1.0",
      "resolved": "https://registry.npmjs.org/minimist/-/minimist-0.1.0.tgz",
      "integrity": "sha1-md9lelJXTCHJBXSX33QnkLK0wN4="
    },
    "mkdirp": {
      "version": "0.3.5",
      "resolved": "https://registry.npmjs.org/mkdirp/-/mkdirp-0.3.5.tgz",
      "integrity": "sha1-3j5fiWHIjHh+4TaN+EmsRBPsqNc="
    },
    "ms": {
      "version": "2.1.2",
      "resolved": "https://registry.npmjs.org/ms/-/ms-2.1.2.tgz",
      "integrity": "sha512-sGkPx+VjMtmA6MX27oA4FBFELFCZZ4S4XqeGOXCv68tT+jb3vk/RyaKWP0PTKyWtmLSM0b+adUTEvbs1PEaH2w=="
    },
    "nan": {
      "version": "1.0.0",
      "resolved": "https://registry.npmjs.org/nan/-/nan-1.0.0.tgz",
      "integrity": "sha1-riT4hQgY1mL8q1rPfzuVv6oszzg="
    },
    "npm": {
      "version": "1.1.71",
      "resolved": "https://registry.npmjs.org/npm/-/npm-1.1.71.tgz",
      "integrity": "sha1-78yutwRsPYuQTd3wiNp7QUbLotA=",
      "requires": {
        "abbrev": "1",
        "ansi": "~0.1.2",
        "archy": "0",
        "block-stream": "*",
        "chownr": "0",
        "fstream": "~0.1.17",
        "fstream-npm": "~0.1.3",
        "glob": "~3.1.14",
        "graceful-fs": "~1.1.1",
        "inherits": "1",
        "ini": "~1.0.5",
        "init-package-json": "0.0.6",
        "lockfile": ">=0.2",
        "lru-cache": "~2.0.0",
        "minimatch": "~0.2.8",
        "mkdirp": "~0.3.3",
        "node-gyp": "~0.8.1",
        "nopt": "~2.0",
        "npm-registry-client": "~0.2.10",
        "npmconf": "0",
        "npmlog": "0",
        "once": "~1.1.1",
        "opener": "~1.3.0",
        "osenv": "0",
        "read": "~1.0.4",
        "read-installed": "0",
        "read-package-json": "~0.1.8",
        "request": "~2.9",
        "retry": "~0.6.0",
        "rimraf": "2",
        "semver": "~1.1.2",
        "slide": "1",
        "tar": "~0.1.12",
        "uid-number": "0",
        "which": "1"
      },
      "dependencies": {
        "abbrev": {
          "version": "1.0.3",
          "bundled": true
        },
        "ansi": {
          "version": "0.1.2",
          "bundled": true
        },
        "archy": {
          "version": "0.0.2",
          "bundled": true
        },
        "block-stream": {
          "version": "0.0.6",
          "bundled": true,
          "requires": {
            "inherits": "~1.0.0"
          }
        },
        "chownr": {
          "version": "0.0.1",
          "bundled": true
        },
        "fstream": {
          "version": "0.1.21",
          "bundled": true,
          "requires": {
            "graceful-fs": "~1.1.2",
            "inherits": "~1.0.0",
            "mkdirp": "0.3",
            "rimraf": "2"
          }
        },
        "fstream-npm": {
          "version": "0.1.3",
          "bundled": true,
          "requires": {
            "fstream-ignore": "~0.0.5",
            "inherits": "^2.0.4"
          },
          "dependencies": {
            "fstream-ignore": {
              "version": "0.0.5",
              "bundled": true,
              "requires": {
                "fstream": "~0.1.17",
                "inherits": "~1.0.0",
                "minimatch": "~0.2.0"
              },
              "dependencies": {
                "inherits": {
                  "version": "1.0.2",
                  "resolved": "https://registry.npmjs.org/inherits/-/inherits-1.0.2.tgz",
                  "integrity": "sha1-ykMJ2t7mtUzAuNJH6NfHoJdb3Js="
                }
              }
            },
            "inherits": {
              "version": "2.0.4",
              "resolved": "https://registry.npmjs.org/inherits/-/inherits-2.0.4.tgz",
              "integrity": "sha512-k/vGaX4/Yla3WzyMCvTQOXYeIHvqOKtnqBduzTHpzpQZzAskKMhZ2K+EnBiSM9zGSoIFeMpXKxa4dYeZIQqewQ=="
            }
          }
        },
        "glob": {
          "version": "3.1.14",
          "bundled": true,
          "requires": {
            "graceful-fs": "~1.1.2",
            "inherits": "1",
            "minimatch": "0.2"
          }
        },
        "graceful-fs": {
          "version": "1.1.14",
          "bundled": true
        },
        "inherits": {
          "version": "1.0.0",
          "bundled": true
        },
        "ini": {
          "version": "1.0.5",
          "bundled": true
        },
        "init-package-json": {
          "version": "0.0.6",
          "bundled": true,
          "requires": {
            "promzard": "~0.2.0",
            "read": "~1.0.1",
            "read-package-json": "0",
            "semver": "1.x"
          },
          "dependencies": {
            "promzard": {
              "version": "0.2.0",
              "bundled": true,
              "requires": {
                "read": "1"
              }
            }
          }
        },
        "lockfile": {
          "version": "0.2.1",
          "bundled": true
        },
        "lru-cache": {
          "version": "2.0.4",
          "bundled": true
        },
        "minimatch": {
          "version": "0.2.9",
          "bundled": true,
          "requires": {
            "lru-cache": "~2.0.0",
            "sigmund": "~1.0.0"
          },
          "dependencies": {
            "sigmund": {
              "version": "1.0.0",
              "bundled": true
            }
          }
        },
        "mkdirp": {
          "version": "0.3.4",
          "bundled": true
        },
        "node-gyp": {
          "version": "0.8.2",
          "bundled": true,
          "requires": {
            "fstream": "~0.1.13",
            "glob": "3",
            "graceful-fs": "1",
            "minimatch": "0.2",
            "mkdirp": "0.3",
            "nopt": "2",
            "npmlog": "0",
            "osenv": "0",
            "request": "2.9",
            "rimraf": "2",
            "semver": "1",
            "tar": "~0.1.12",
            "which": "1"
          }
        },
        "nopt": {
          "version": "2.0.0",
          "bundled": true,
          "requires": {
            "abbrev": "1"
          }
        },
        "npm-registry-client": {
          "version": "0.2.11",
          "bundled": true,
          "requires": {
            "chownr": "0",
            "couch-login": "~0.1.15",
            "graceful-fs": "~1.1.8",
            "mkdirp": "~0.3.3",
            "npmlog": "^4.1.2",
            "request": "~2.9.202",
            "retry": "0.6.0",
            "rimraf": "~2",
            "semver": "~1.1.0",
            "slide": "~1.1.3"
          },
          "dependencies": {
            "couch-login": {
              "version": "0.1.15",
              "bundled": true,
              "requires": {
                "request": "~2.9.202"
              }
            },
            "npmlog": {
              "version": "4.1.2",
              "resolved": "https://registry.npmjs.org/npmlog/-/npmlog-4.1.2.tgz",
              "integrity": "sha512-2uUqazuKlTaSI/dC8AzicUck7+IrEaOnN/e0jd3Xtt1KcGpwx30v50mL7oPyr/h9bL3E4aZccVwpwP+5W9Vjkg==",
              "requires": {
                "are-we-there-yet": "~1.1.2",
                "console-control-strings": "~1.1.0",
                "gauge": "~2.7.3",
                "set-blocking": "~2.0.0"
              }
            }
          }
        },
        "npmconf": {
          "version": "0.0.16",
          "bundled": true,
          "requires": {
            "config-chain": "~1.1.1",
            "inherits": "~1.0.0",
            "mkdirp": "~0.3.3",
            "nopt": "~2.0.0",
            "once": "~1.1.1",
            "osenv": "0.0.3"
          },
          "dependencies": {
            "config-chain": {
              "version": "1.1.3",
              "bundled": true,
              "requires": {
                "ini": "~1.0.2",
                "proto-list": "~1.2.1"
              },
              "dependencies": {
                "proto-list": {
                  "version": "1.2.2",
                  "bundled": true
                }
              }
            }
          }
        },
        "npmlog": {
          "version": "0.0.2",
          "bundled": true,
          "requires": {
            "ansi": "~0.1.2"
          }
        },
        "once": {
          "version": "1.1.1",
          "bundled": true
        },
        "opener": {
          "version": "1.3.0",
          "bundled": true
        },
        "osenv": {
          "version": "0.0.3",
          "bundled": true
        },
        "read": {
          "version": "1.0.4",
          "bundled": true,
          "requires": {
            "mute-stream": "~0.0.2"
          },
          "dependencies": {
            "mute-stream": {
              "version": "0.0.3",
              "bundled": true
            }
          }
        },
        "read-installed": {
          "version": "0.0.4",
          "bundled": true,
          "requires": {
            "graceful-fs": "~1.1.8",
            "npmlog": "0",
            "read-package-json": "0",
            "semver": "1.x",
            "slide": "~1.1.3"
          }
        },
        "read-package-json": {
          "version": "0.1.12",
          "bundled": true,
          "requires": {
            "glob": "~3.1.9",
            "graceful-fs": "~1.1.8",
            "lru-cache": "~2.0.0",
            "npmlog": "0",
            "semver": "1.x",
            "slide": "~1.1.3"
          }
        },
        "request": {
          "version": "2.9.203",
          "bundled": true
        },
        "retry": {
          "version": "0.6.0",
          "bundled": true
        },
        "rimraf": {
          "version": "2.1.1",
          "bundled": true,
          "requires": {
            "graceful-fs": "~1.1"
          }
        },
        "semver": {
          "version": "1.1.2",
          "bundled": true
        },
        "slide": {
          "version": "1.1.3",
          "bundled": true
        },
        "tar": {
          "version": "0.1.14",
          "bundled": true,
          "requires": {
            "block-stream": "*",
            "fstream": "~0.1.8",
            "inherits": "1.x"
          }
        },
        "uid-number": {
          "version": "0.0.3",
          "bundled": true
        },
        "which": {
          "version": "1.0.5",
          "bundled": true
        }
      }
    },
    "number-is-nan": {
      "version": "1.0.1",
      "resolved": "https://registry.npmjs.org/number-is-nan/-/number-is-nan-1.0.1.tgz",
      "integrity": "sha1-CXtgK1NCKlIsGvuHkDGDNpQaAR0="
    },
    "object-assign": {
      "version": "4.1.1",
      "resolved": "https://registry.npmjs.org/object-assign/-/object-assign-4.1.1.tgz",
      "integrity": "sha1-IQmtx5ZYh8/AXLvUQsrIv7s2CGM="
    },
    "options": {
      "version": "0.0.6",
      "resolved": "https://registry.npmjs.org/options/-/options-0.0.6.tgz",
      "integrity": "sha1-7CLTEoBrtT5zF3Pnza788cZDEo8="
    },
    "pause": {
      "version": "0.0.1",
      "resolved": "https://registry.npmjs.org/pause/-/pause-0.0.1.tgz",
      "integrity": "sha1-HUCLP9t2kjuVQ9lvtMnf1TXZy10="
    },
    "policyfile": {
      "version": "0.0.4",
      "resolved": "https://registry.npmjs.org/policyfile/-/policyfile-0.0.4.tgz",
      "integrity": "sha1-1rgurZiueeviKOLa9ZAzEeyYLk0="
    },
    "process-nextick-args": {
      "version": "2.0.1",
      "resolved": "https://registry.npmjs.org/process-nextick-args/-/process-nextick-args-2.0.1.tgz",
      "integrity": "sha512-3ouUOpQhtgrbOa17J7+uxOTpITYWaGP7/AhoR3+A+/1e9skrzelGi/dXzEYyvbxubEF6Wn2ypscTKiKJFFn1ag=="
    },
    "qs": {
      "version": "0.5.1",
      "resolved": "https://registry.npmjs.org/qs/-/qs-0.5.1.tgz",
      "integrity": "sha1-n2v12axsdjhOldNtFbSJgOXkrdA="
    },
    "range-parser": {
      "version": "0.0.4",
      "resolved": "https://registry.npmjs.org/range-parser/-/range-parser-0.0.4.tgz",
      "integrity": "sha1-wEJ//vUcEKy6B4KkbJYC50T/Ygs="
    },
    "readable-stream": {
      "version": "2.3.7",
      "resolved": "https://registry.npmjs.org/readable-stream/-/readable-stream-2.3.7.tgz",
      "integrity": "sha512-Ebho8K4jIbHAxnuxi7o42OrZgF/ZTNcsZj6nRKyUmkhLFq8CHItp/fy6hQZuZmP/n3yZ9VBUbp4zz/mX8hmYPw==",
      "requires": {
        "core-util-is": "~1.0.0",
        "inherits": "~2.0.3",
        "isarray": "~1.0.0",
        "process-nextick-args": "~2.0.0",
        "safe-buffer": "~5.1.1",
        "string_decoder": "~1.1.1",
        "util-deprecate": "~1.0.1"
      }
    },
    "redis": {
      "version": "0.7.3",
      "resolved": "https://registry.npmjs.org/redis/-/redis-0.7.3.tgz",
      "integrity": "sha1-7le3pE0l7BWU5ENl2BZfp9HUgRo=",
      "optional": true
    },
    "safe-buffer": {
      "version": "5.1.2",
      "resolved": "https://registry.npmjs.org/safe-buffer/-/safe-buffer-5.1.2.tgz",
      "integrity": "sha512-Gd2UZBJDkXlY7GbJxfsE8/nvKkUEU1G38c1siN6QP6a9PT9MmHB8GnpscSmMJSoF8LOIrt8ud/wPtojys4G6+g=="
    },
    "send": {
      "version": "0.1.0",
      "resolved": "https://registry.npmjs.org/send/-/send-0.1.0.tgz",
      "integrity": "sha1-z7COvTzsm3/Bo32f+eh1qXHPRkA=",
      "requires": {
        "debug": "*",
        "fresh": "0.1.0",
        "mime": "1.2.6",
        "range-parser": "0.0.4"
      }
    },
    "set-blocking": {
      "version": "2.0.0",
      "resolved": "https://registry.npmjs.org/set-blocking/-/set-blocking-2.0.0.tgz",
      "integrity": "sha1-BF+XgtARrppoA93TgrJDkrPYkPc="
    },
    "signal-exit": {
      "version": "3.0.3",
      "resolved": "https://registry.npmjs.org/signal-exit/-/signal-exit-3.0.3.tgz",
      "integrity": "sha512-VUJ49FC8U1OxwZLxIbTTrDvLnf/6TDgxZcK8wxR8zs13xpx7xbG60ndBlhNrFi2EMuFRoeDoJO7wthSLq42EjA=="
    },
    "socket.io": {
      "version": "0.9.19",
      "resolved": "https://registry.npmjs.org/socket.io/-/socket.io-0.9.19.tgz",
      "integrity": "sha1-SQu1/Q3FTPAC7gTmf638Q7hIo48=",
      "requires": {
        "base64id": "0.1.0",
        "policyfile": "0.0.4",
        "redis": "0.7.3",
        "socket.io-client": "0.9.16"
      }
    },
    "socket.io-client": {
      "version": "0.9.16",
      "resolved": "https://registry.npmjs.org/socket.io-client/-/socket.io-client-0.9.16.tgz",
      "integrity": "sha1-TadRXF53MEHRtCOXBBW8xDDzX8Y=",
      "requires": {
        "active-x-obfuscator": "0.0.1",
        "uglify-js": "1.2.5",
        "ws": "0.4.x",
        "xmlhttprequest": "1.4.2"
      }
    },
    "string-width": {
      "version": "1.0.2",
      "resolved": "https://registry.npmjs.org/string-width/-/string-width-1.0.2.tgz",
      "integrity": "sha1-EYvfW4zcUaKn5w0hHgfisLmxB9M=",
      "requires": {
        "code-point-at": "^1.0.0",
        "is-fullwidth-code-point": "^1.0.0",
        "strip-ansi": "^3.0.0"
      }
    },
    "string_decoder": {
      "version": "1.1.1",
      "resolved": "https://registry.npmjs.org/string_decoder/-/string_decoder-1.1.1.tgz",
      "integrity": "sha512-n/ShnvDi6FHbbVfviro+WojiFzv+s8MPMHBczVePfUpDJLwoLT0ht1l4YwBCbi8pJAveEEdnkHyPyTP/mzRfwg==",
      "requires": {
        "safe-buffer": "~5.1.0"
      }
    },
    "strip-ansi": {
      "version": "3.0.1",
      "resolved": "https://registry.npmjs.org/strip-ansi/-/strip-ansi-3.0.1.tgz",
      "integrity": "sha1-ajhfuIU9lS1f8F0Oiq+UJ43GPc8=",
      "requires": {
        "ansi-regex": "^2.0.0"
      }
    },
    "tinycolor": {
      "version": "0.0.1",
      "resolved": "https://registry.npmjs.org/tinycolor/-/tinycolor-0.0.1.tgz",
      "integrity": "sha1-MgtaUtg6u1l42Bo+iH1K77FaYWQ="
    },
    "uglify-js": {
      "version": "1.2.5",
      "resolved": "https://registry.npmjs.org/uglify-js/-/uglify-js-1.2.5.tgz",
      "integrity": "sha1-tULCx29477NLIAsgF3Y0Mw/3ArY="
    },
    "util-deprecate": {
      "version": "1.0.2",
      "resolved": "https://registry.npmjs.org/util-deprecate/-/util-deprecate-1.0.2.tgz",
      "integrity": "sha1-RQ1Nyfpw3nMnYvvS1KKJgUGaDM8="
    },
    "wide-align": {
      "version": "1.1.3",
      "resolved": "https://registry.npmjs.org/wide-align/-/wide-align-1.1.3.tgz",
      "integrity": "sha512-QGkOQc8XL6Bt5PwnsExKBPuMKBxnGxWWW3fU55Xt4feHozMUhdUMaBCk290qpm/wG5u/RSKzwdAC4i51YigihA==",
      "requires": {
        "string-width": "^1.0.2 || 2"
      }
    },
    "ws": {
      "version": "0.4.32",
      "resolved": "https://registry.npmjs.org/ws/-/ws-0.4.32.tgz",
      "integrity": "sha1-eHphVEFPPJntg8V3IVOyD+sM7DI=",
      "requires": {
        "commander": "~2.1.0",
        "nan": "~1.0.0",
        "options": ">=0.0.5",
        "tinycolor": "0.x"
      },
      "dependencies": {
        "commander": {
          "version": "2.1.0",
          "resolved": "https://registry.npmjs.org/commander/-/commander-2.1.0.tgz",
          "integrity": "sha1-0SG7roYNmZKj1Re6lvVliOR8Z4E="
        }
      }
    },
    "xmlhttprequest": {
      "version": "1.4.2",
      "resolved": "https://registry.npmjs.org/xmlhttprequest/-/xmlhttprequest-1.4.2.tgz",
      "integrity": "sha1-AUU6HZvtHo8XL2SVu/TIxCYyFQA="
    },
    "yargs": {
      "version": "1.2.6",
      "resolved": "https://registry.npmjs.org/yargs/-/yargs-1.2.6.tgz",
      "integrity": "sha1-nHtKgv1dWVsr8Xq23MQxNUMv40s=",
      "requires": {
        "minimist": "^0.1.0"
      }
    },
    "zeparser": {
      "version": "0.0.5",
      "resolved": "https://registry.npmjs.org/zeparser/-/zeparser-0.0.5.tgz",
      "integrity": "sha1-A3JlYbwmjy5URPVMZlt/1KjAKeI="
    }
  }
}
